
Microsoft Visual Studio Solution File, Format Version 12.00
# Visual Studio Version 16
VisualStudioVersion = 16.0.31410.357
MinimumVisualStudioVersion = 10.0.40219.1
Project("{FAE04EC0-301F-11D3-BF4B-00C04F79EFBC}") = "Hello_World", "Hello_World\Hello_World.csproj", "{4424CFDD-FB0C-4555-B3F9-CE1E719EF080}"
EndProject
Global
	GlobalSection(SolutionConfigurationPlatforms) = preSolution
		Debug|Any CPU = Debug|Any CPU
		Release|Any CPU = Release|Any CPU
	EndGlobalSection
	GlobalSection(ProjectConfigurationPlatforms) = postSolution
		{4424CFDD-FB0C-4555-B3F9-CE1E719EF080}.Debug|Any CPU.ActiveCfg = Debug|Any CPU
		{4424CFDD-FB0C-4555-B3F9-CE1E719EF080}.Debug|Any CPU.Build.0 = Debug|Any CPU
		{4424CFDD-FB0C-4555-B3F9-CE1E719EF080}.Release|Any CPU.ActiveCfg = Release|Any CPU
		{4424CFDD-FB0C-4555-B3F9-CE1E719EF080}.Release|Any CPU.Build.0 = Release|Any CPU
	EndGlobalSection
	GlobalSection(SolutionProperties) = preSolution
		HideSolutionNode = FALSE
	EndGlobalSection
	GlobalSection(ExtensibilityGlobals) = postSolution
		SolutionGuid = {F2C3ED40-9A10-47E5-AC48-919E09DDB47C}
	EndGlobalSection
EndGlobal
